
Microsoft Visual Studio Solution File, Format Version 12.00
# Visual Studio 14
VisualStudioVersion = 14.0.23107.0
MinimumVisualStudioVersion = 10.0.40219.1
Project("{FAE04EC0-301F-11D3-BF4B-00C04F79EFBC}") = "JobTracker", "JobTracker\JobTracker.csproj", "{6A6B65DD-2662-4BF5-92C0-ED0C2EF6E88D}"
EndProject
Project("{2150E333-8FDC-42A3-9474-1A3956D46DE8}") = "PublishScripts", "PublishScripts", "{AB1D5200-289A-47D6-AFB4-CC5DF3D3598E}"
	ProjectSection(SolutionItems) = preProject
		PublishScripts\AzureVMPublishModule.psm1 = PublishScripts\AzureVMPublishModule.psm1
		PublishScripts\Publish-WebApplicationVM.ps1 = PublishScripts\Publish-WebApplicationVM.ps1
	EndProjectSection
EndProject
Project("{2150E333-8FDC-42A3-9474-1A3956D46DE8}") = "Configurations", "Configurations", "{17150EFB-BBDE-428E-BE73-D9154701EF4D}"
	ProjectSection(SolutionItems) = preProject
		PublishScripts\Configurations\JobTracker-WAWS-dev.json = PublishScripts\Configurations\JobTracker-WAWS-dev.json
	EndProjectSection
EndProject
Global
	GlobalSection(SolutionConfigurationPlatforms) = preSolution
		Debug|Any CPU = Debug|Any CPU
		Release|Any CPU = Release|Any CPU
	EndGlobalSection
	GlobalSection(ProjectConfigurationPlatforms) = postSolution
		{6A6B65DD-2662-4BF5-92C0-ED0C2EF6E88D}.Debug|Any CPU.ActiveCfg = Debug|Any CPU
		{6A6B65DD-2662-4BF5-92C0-ED0C2EF6E88D}.Debug|Any CPU.Build.0 = Debug|Any CPU
		{6A6B65DD-2662-4BF5-92C0-ED0C2EF6E88D}.Release|Any CPU.ActiveCfg = Release|Any CPU
		{6A6B65DD-2662-4BF5-92C0-ED0C2EF6E88D}.Release|Any CPU.Build.0 = Release|Any CPU
	EndGlobalSection
	GlobalSection(SolutionProperties) = preSolution
		HideSolutionNode = FALSE
	EndGlobalSection
	GlobalSection(NestedProjects) = preSolution
		{17150EFB-BBDE-428E-BE73-D9154701EF4D} = {AB1D5200-289A-47D6-AFB4-CC5DF3D3598E}
	EndGlobalSection
EndGlobal
